
Microsoft Visual Studio Solution File, Format Version 12.00
# Visual Studio Version 17
VisualStudioVersion = 17.9.34728.123
MinimumVisualStudioVersion = 10.0.40219.1
Project("{FAE04EC0-301F-11D3-BF4B-00C04F79EFBC}") = "Efcore_Task", "Efcore_Task.csproj", "{6FB8E52D-C84B-4706-9E57-D4A75A50AC2E}"
EndProject
Global
	GlobalSection(SolutionConfigurationPlatforms) = preSolution
		Debug|Any CPU = Debug|Any CPU
		Release|Any CPU = Release|Any CPU
	EndGlobalSection
	GlobalSection(ProjectConfigurationPlatforms) = postSolution
		{6FB8E52D-C84B-4706-9E57-D4A75A50AC2E}.Debug|Any CPU.ActiveCfg = Debug|Any CPU
		{6FB8E52D-C84B-4706-9E57-D4A75A50AC2E}.Debug|Any CPU.Build.0 = Debug|Any CPU
		{6FB8E52D-C84B-4706-9E57-D4A75A50AC2E}.Release|Any CPU.ActiveCfg = Release|Any CPU
		{6FB8E52D-C84B-4706-9E57-D4A75A50AC2E}.Release|Any CPU.Build.0 = Release|Any CPU
	EndGlobalSection
	GlobalSection(SolutionProperties) = preSolution
		HideSolutionNode = FALSE
	EndGlobalSection
	GlobalSection(ExtensibilityGlobals) = postSolution
		SolutionGuid = {B0087120-0412-4F51-B599-D51F42F892C4}
	EndGlobalSection
EndGlobal
